// !$*UTF8*$!
{
	archiveVersion = 1;
	classes = {
	};
	objectVersion = 55;
	objects = {

/* Begin PBXBuildFile section */
		07A112B55C50EC29DB8AFE73 /* Pods_OnTheDot.framework in Frameworks */ = {isa = PBXBuildFile; fileRef = 4E731FBF8BB2275869DE9538 /* Pods_OnTheDot.framework */; };
		71D17DB42824763500AE92EC /* AppDelegate.swift in Sources */ = {isa = PBXBuildFile; fileRef = 71D17DB32824763500AE92EC /* AppDelegate.swift */; };
		71D17DB62824763500AE92EC /* SceneDelegate.swift in Sources */ = {isa = PBXBuildFile; fileRef = 71D17DB52824763500AE92EC /* SceneDelegate.swift */; };
		71D17DB82824763500AE92EC /* MainController.swift in Sources */ = {isa = PBXBuildFile; fileRef = 71D17DB72824763500AE92EC /* MainController.swift */; };
		71D17DBD2824763700AE92EC /* Assets.xcassets in Resources */ = {isa = PBXBuildFile; fileRef = 71D17DBC2824763700AE92EC /* Assets.xcassets */; };
		71D17DC02824763700AE92EC /* LaunchScreen.storyboard in Resources */ = {isa = PBXBuildFile; fileRef = 71D17DBE2824763700AE92EC /* LaunchScreen.storyboard */; };
		71D17DC82824A1A300AE92EC /* NetworkManager.swift in Sources */ = {isa = PBXBuildFile; fileRef = 71D17DC72824A1A300AE92EC /* NetworkManager.swift */; };
		71D17DCA2824A7F100AE92EC /* User.swift in Sources */ = {isa = PBXBuildFile; fileRef = 71D17DC92824A7F100AE92EC /* User.swift */; };
		71D17DCC2824AA7600AE92EC /* Event.swift in Sources */ = {isa = PBXBuildFile; fileRef = 71D17DCB2824AA7600AE92EC /* Event.swift */; };
/* End PBXBuildFile section */

/* Begin PBXFileReference section */
		4E731FBF8BB2275869DE9538 /* Pods_OnTheDot.framework */ = {isa = PBXFileReference; explicitFileType = wrapper.framework; includeInIndex = 0; path = Pods_OnTheDot.framework; sourceTree = BUILT_PRODUCTS_DIR; };
		71D17DB02824763500AE92EC /* OnTheDot.app */ = {isa = PBXFileReference; explicitFileType = wrapper.application; includeInIndex = 0; path = OnTheDot.app; sourceTree = BUILT_PRODUCTS_DIR; };
		71D17DB32824763500AE92EC /* AppDelegate.swift */ = {isa = PBXFileReference; lastKnownFileType = sourcecode.swift; path = AppDelegate.swift; sourceTree = "<group>"; };
		71D17DB52824763500AE92EC /* SceneDelegate.swift */ = {isa = PBXFileReference; lastKnownFileType = sourcecode.swift; path = SceneDelegate.swift; sourceTree = "<group>"; };
		71D17DB72824763500AE92EC /* MainController.swift */ = {isa = PBXFileReference; lastKnownFileType = sourcecode.swift; path = MainController.swift; sourceTree = "<group>"; };
		71D17DBC2824763700AE92EC /* Assets.xcassets */ = {isa = PBXFileReference; lastKnownFileType = folder.assetcatalog; path = Assets.xcassets; sourceTree = "<group>"; };
		71D17DBF2824763700AE92EC /* Base */ = {isa = PBXFileReference; lastKnownFileType = file.storyboard; name = Base; path = Base.lproj/LaunchScreen.storyboard; sourceTree = "<group>"; };
		71D17DC12824763700AE92EC /* Info.plist */ = {isa = PBXFileReference; lastKnownFileType = text.plist.xml; path = Info.plist; sourceTree = "<group>"; };
		71D17DC72824A1A300AE92EC /* NetworkManager.swift */ = {isa = PBXFileReference; lastKnownFileType = sourcecode.swift; path = NetworkManager.swift; sourceTree = "<group>"; };
		71D17DC92824A7F100AE92EC /* User.swift */ = {isa = PBXFileReference; lastKnownFileType = sourcecode.swift; path = User.swift; sourceTree = "<group>"; };
		71D17DCB2824AA7600AE92EC /* Event.swift */ = {isa = PBXFileReference; lastKnownFileType = sourcecode.swift; path = Event.swift; sourceTree = "<group>"; };
		BAAEA9941F31E3CF27EB321B /* Pods-OnTheDot.debug.xcconfig */ = {isa = PBXFileReference; includeInIndex = 1; lastKnownFileType = text.xcconfig; name = "Pods-OnTheDot.debug.xcconfig"; path = "Target Support Files/Pods-OnTheDot/Pods-OnTheDot.debug.xcconfig"; sourceTree = "<group>"; };
		ECDE0702B7CF9D60A0DFE9E8 /* Pods-OnTheDot.release.xcconfig */ = {isa = PBXFileReference; includeInIndex = 1; lastKnownFileType = text.xcconfig; name = "Pods-OnTheDot.release.xcconfig"; path = "Target Support Files/Pods-OnTheDot/Pods-OnTheDot.release.xcconfig"; sourceTree = "<group>"; };
/* End PBXFileReference section */

/* Begin PBXFrameworksBuildPhase section */
		71D17DAD2824763500AE92EC /* Frameworks */ = {
			isa = PBXFrameworksBuildPhase;
			buildActionMask = 2147483647;
			files = (
				07A112B55C50EC29DB8AFE73 /* Pods_OnTheDot.framework in Frameworks */,
			);
			runOnlyForDeploymentPostprocessing = 0;
		};
/* End PBXFrameworksBuildPhase section */

/* Begin PBXGroup section */
		71D17DA72824763500AE92EC = {
			isa = PBXGroup;
			children = (
				71D17DB22824763500AE92EC /* OnTheDot */,
				71D17DB12824763500AE92EC /* Products */,
				CE4173EE09E46758AA1C2B22 /* Pods */,
				822C783447A08A782E140FCD /* Frameworks */,
			);
			sourceTree = "<group>";
		};
		71D17DB12824763500AE92EC /* Products */ = {
			isa = PBXGroup;
			children = (
				71D17DB02824763500AE92EC /* OnTheDot.app */,
			);
			name = Products;
			sourceTree = "<group>";
		};
		71D17DB22824763500AE92EC /* OnTheDot */ = {
			isa = PBXGroup;
			children = (
				71D17DB32824763500AE92EC /* AppDelegate.swift */,
				71D17DB52824763500AE92EC /* SceneDelegate.swift */,
				71D17DB72824763500AE92EC /* MainController.swift */,
				71D17DBC2824763700AE92EC /* Assets.xcassets */,
				71D17DBE2824763700AE92EC /* LaunchScreen.storyboard */,
				71D17DC12824763700AE92EC /* Info.plist */,
				71D17DC72824A1A300AE92EC /* NetworkManager.swift */,
				71D17DC92824A7F100AE92EC /* User.swift */,
				71D17DCB2824AA7600AE92EC /* Event.swift */,
			);
			path = OnTheDot;
			sourceTree = "<group>";
		};
		822C783447A08A782E140FCD /* Frameworks */ = {
			isa = PBXGroup;
			children = (
				4E731FBF8BB2275869DE9538 /* Pods_OnTheDot.framework */,
			);
			name = Frameworks;
			sourceTree = "<group>";
		};
		CE4173EE09E46758AA1C2B22 /* Pods */ = {
			isa = PBXGroup;
			children = (
				BAAEA9941F31E3CF27EB321B /* Pods-OnTheDot.debug.xcconfig */,
				ECDE0702B7CF9D60A0DFE9E8 /* Pods-OnTheDot.release.xcconfig */,
			);
			path = Pods;
			sourceTree = "<group>";
		};
/* End PBXGroup section */

/* Begin PBXNativeTarget section */
		71D17DAF2824763500AE92EC /* OnTheDot */ = {
			isa = PBXNativeTarget;
			buildConfigurationList = 71D17DC42824763700AE92EC /* Build configuration list for PBXNativeTarget "OnTheDot" */;
			buildPhases = (
				6F463FFF5227E24C558D9257 /* [CP] Check Pods Manifest.lock */,
				71D17DAC2824763500AE92EC /* Sources */,
				71D17DAD2824763500AE92EC /* Frameworks */,
				71D17DAE2824763500AE92EC /* Resources */,
				5D20C58707B0568D119F66AF /* [CP] Embed Pods Frameworks */,
			);
			buildRules = (
			);
			dependencies = (
			);
			name = OnTheDot;
			productName = OnTheDot;
			productReference = 71D17DB02824763500AE92EC /* OnTheDot.app */;
			productType = "com.apple.product-type.application";
		};
/* End PBXNativeTarget section */

/* Begin PBXProject section */
		71D17DA82824763500AE92EC /* Project object */ = {
			isa = PBXProject;
			attributes = {
				BuildIndependentTargetsInParallel = 1;
				LastSwiftUpdateCheck = 1330;
				LastUpgradeCheck = 1330;
				TargetAttributes = {
					71D17DAF2824763500AE92EC = {
						CreatedOnToolsVersion = 13.3.1;
					};
				};
			};
			buildConfigurationList = 71D17DAB2824763500AE92EC /* Build configuration list for PBXProject "OnTheDot" */;
			compatibilityVersion = "Xcode 13.0";
			developmentRegion = en;
			hasScannedForEncodings = 0;
			knownRegions = (
				en,
				Base,
			);
			mainGroup = 71D17DA72824763500AE92EC;
			productRefGroup = 71D17DB12824763500AE92EC /* Products */;
			projectDirPath = "";
			projectRoot = "";
			targets = (
				71D17DAF2824763500AE92EC /* OnTheDot */,
			);
		};
/* End PBXProject section */

/* Begin PBXResourcesBuildPhase section */
		71D17DAE2824763500AE92EC /* Resources */ = {
			isa = PBXResourcesBuildPhase;
			buildActionMask = 2147483647;
			files = (
				71D17DC02824763700AE92EC /* LaunchScreen.storyboard in Resources */,
				71D17DBD2824763700AE92EC /* Assets.xcassets in Resources */,
			);
			runOnlyForDeploymentPostprocessing = 0;
		};
/* End PBXResourcesBuildPhase section */

/* Begin PBXShellScriptBuildPhase section */
		5D20C58707B0568D119F66AF /* [CP] Embed Pods Frameworks */ = {
			isa = PBXShellScriptBuildPhase;
			buildActionMask = 2147483647;
			files = (
			);
			inputFileListPaths = (
				"${PODS_ROOT}/Target Support Files/Pods-OnTheDot/Pods-OnTheDot-frameworks-${CONFIGURATION}-input-files.xcfilelist",
			);
			name = "[CP] Embed Pods Frameworks";
			outputFileListPaths = (
				"${PODS_ROOT}/Target Support Files/Pods-OnTheDot/Pods-OnTheDot-frameworks-${CONFIGURATION}-output-files.xcfilelist",
			);
			runOnlyForDeploymentPostprocessing = 0;
			shellPath = /bin/sh;
			shellScript = "\"${PODS_ROOT}/Target Support Files/Pods-OnTheDot/Pods-OnTheDot-frameworks.sh\"\n";
			showEnvVarsInLog = 0;
		};
		6F463FFF5227E24C558D9257 /* [CP] Check Pods Manifest.lock */ = {
			isa = PBXShellScriptBuildPhase;
			buildActionMask = 2147483647;
			files = (
			);
			inputFileListPaths = (
			);
			inputPaths = (
				"${PODS_PODFILE_DIR_PATH}/Podfile.lock",
				"${PODS_ROOT}/Manifest.lock",
			);
			name = "[CP] Check Pods Manifest.lock";
			outputFileListPaths = (
			);
			outputPaths = (
				"$(DERIVED_FILE_DIR)/Pods-OnTheDot-checkManifestLockResult.txt",
			);
			runOnlyForDeploymentPostprocessing = 0;
			shellPath = /bin/sh;
			shellScript = "diff \"${PODS_PODFILE_DIR_PATH}/Podfile.lock\" \"${PODS_ROOT}/Manifest.lock\" > /dev/null\nif [ $? != 0 ] ; then\n    # print error to STDERR\n    echo \"error: The sandbox is not in sync with the Podfile.lock. Run 'pod install' or update your CocoaPods installation.\" >&2\n    exit 1\nfi\n# This output is used by Xcode 'outputs' to avoid re-running this script phase.\necho \"SUCCESS\" > \"${SCRIPT_OUTPUT_FILE_0}\"\n";
			showEnvVarsInLog = 0;
		};
/* End PBXShellScriptBuildPhase section */

/* Begin PBXSourcesBuildPhase section */
		71D17DAC2824763500AE92EC /* Sources */ = {
			isa = PBXSourcesBuildPhase;
			buildActionMask = 2147483647;
			files = (
				71D17DC82824A1A300AE92EC /* NetworkManager.swift in Sources */,
				71D17DB82824763500AE92EC /* MainController.swift in Sources */,
				71D17DB42824763500AE92EC /* AppDelegate.swift in Sources */,
				71D17DCA2824A7F100AE92EC /* User.swift in Sources */,
				71D17DCC2824AA7600AE92EC /* Event.swift in Sources */,
				71D17DB62824763500AE92EC /* SceneDelegate.swift in Sources */,
			);
			runOnlyForDeploymentPostprocessing = 0;
		};
/* End PBXSourcesBuildPhase section */

/* Begin PBXVariantGroup section */
		71D17DBE2824763700AE92EC /* LaunchScreen.storyboard */ = {
			isa = PBXVariantGroup;
			children = (
				71D17DBF2824763700AE92EC /* Base */,
			);
			name = LaunchScreen.storyboard;
			sourceTree = "<group>";
		};
/* End PBXVariantGroup section */

/* Begin XCBuildConfiguration section */
		71D17DC22824763700AE92EC /* Debug */ = {
			isa = XCBuildConfiguration;
			buildSettings = {
				ALWAYS_SEARCH_USER_PATHS = NO;
				CLANG_ANALYZER_NONNULL = YES;
				CLANG_ANALYZER_NUMBER_OBJECT_CONVERSION = YES_AGGRESSIVE;
				CLANG_CXX_LANGUAGE_STANDARD = "gnu++17";
				CLANG_ENABLE_MODULES = YES;
				CLANG_ENABLE_OBJC_ARC = YES;
				CLANG_ENABLE_OBJC_WEAK = YES;
				CLANG_WARN_BLOCK_CAPTURE_AUTORELEASING = YES;
				CLANG_WARN_BOOL_CONVERSION = YES;
				CLANG_WARN_COMMA = YES;
				CLANG_WARN_CONSTANT_CONVERSION = YES;
				CLANG_WARN_DEPRECATED_OBJC_IMPLEMENTATIONS = YES;
				CLANG_WARN_DIRECT_OBJC_ISA_USAGE = YES_ERROR;
				CLANG_WARN_DOCUMENTATION_COMMENTS = YES;
				CLANG_WARN_EMPTY_BODY = YES;
				CLANG_WARN_ENUM_CONVERSION = YES;
				CLANG_WARN_INFINITE_RECURSION = YES;
				CLANG_WARN_INT_CONVERSION = YES;
				CLANG_WARN_NON_LITERAL_NULL_CONVERSION = YES;
				CLANG_WARN_OBJC_IMPLICIT_RETAIN_SELF = YES;
				CLANG_WARN_OBJC_LITERAL_CONVERSION = YES;
				CLANG_WARN_OBJC_ROOT_CLASS = YES_ERROR;
				CLANG_WARN_QUOTED_INCLUDE_IN_FRAMEWORK_HEADER = YES;
				CLANG_WARN_RANGE_LOOP_ANALYSIS = YES;
				CLANG_WARN_STRICT_PROTOTYPES = YES;
				CLANG_WARN_SUSPICIOUS_MOVE = YES;
				CLANG_WARN_UNGUARDED_AVAILABILITY = YES_AGGRESSIVE;
				CLANG_WARN_UNREACHABLE_CODE = YES;
				CLANG_WARN__DUPLICATE_METHOD_MATCH = YES;
				COPY_PHASE_STRIP = NO;
				DEBUG_INFORMATION_FORMAT = dwarf;
				ENABLE_STRICT_OBJC_MSGSEND = YES;
				ENABLE_TESTABILITY = YES;
				GCC_C_LANGUAGE_STANDARD = gnu11;
				GCC_DYNAMIC_NO_PIC = NO;
				GCC_NO_COMMON_BLOCKS = YES;
				GCC_OPTIMIZATION_LEVEL = 0;
				GCC_PREPROCESSOR_DEFINITIONS = (
					"DEBUG=1",
					"$(inherited)",
				);
				GCC_WARN_64_TO_32_BIT_CONVERSION = YES;
				GCC_WARN_ABOUT_RETURN_TYPE = YES_ERROR;
				GCC_WARN_UNDECLARED_SELECTOR = YES;
				GCC_WARN_UNINITIALIZED_AUTOS = YES_AGGRESSIVE;
				GCC_WARN_UNUSED_FUNCTION = YES;
				GCC_WARN_UNUSED_VARIABLE = YES;
				IPHONEOS_DEPLOYMENT_TARGET = 15.4;
				MTL_ENABLE_DEBUG_INFO = INCLUDE_SOURCE;
				MTL_FAST_MATH = YES;
				ONLY_ACTIVE_ARCH = YES;
				SDKROOT = iphoneos;
				SWIFT_ACTIVE_COMPILATION_CONDITIONS = DEBUG;
				SWIFT_OPTIMIZATION_LEVEL = "-Onone";
			};
			name = Debug;
		};
		71D17DC32824763700AE92EC /* Release */ = {
			isa = XCBuildConfiguration;
			buildSettings = {
				ALWAYS_SEARCH_USER_PATHS = NO;
				CLANG_ANALYZER_NONNULL = YES;
				CLANG_ANALYZER_NUMBER_OBJECT_CONVERSION = YES_AGGRESSIVE;
				CLANG_CXX_LANGUAGE_STANDARD = "gnu++17";
				CLANG_ENABLE_MODULES = YES;
				CLANG_ENABLE_OBJC_ARC = YES;
				CLANG_ENABLE_OBJC_WEAK = YES;
				CLANG_WARN_BLOCK_CAPTURE_AUTORELEASING = YES;
				CLANG_WARN_BOOL_CONVERSION = YES;
				CLANG_WARN_COMMA = YES;
				CLANG_WARN_CONSTANT_CONVERSION = YES;
				CLANG_WARN_DEPRECATED_OBJC_IMPLEMENTATIONS = YES;
				CLANG_WARN_DIRECT_OBJC_ISA_USAGE = YES_ERROR;
				CLANG_WARN_DOCUMENTATION_COMMENTS = YES;
				CLANG_WARN_EMPTY_BODY = YES;
				CLANG_WARN_ENUM_CONVERSION = YES;
				CLANG_WARN_INFINITE_RECURSION = YES;
				CLANG_WARN_INT_CONVERSION = YES;
				CLANG_WARN_NON_LITERAL_NULL_CONVERSION = YES;
				CLANG_WARN_OBJC_IMPLICIT_RETAIN_SELF = YES;
				CLANG_WARN_OBJC_LITERAL_CONVERSION = YES;
				CLANG_WARN_OBJC_ROOT_CLASS = YES_ERROR;
				CLANG_WARN_QUOTED_INCLUDE_IN_FRAMEWORK_HEADER = YES;
				CLANG_WARN_RANGE_LOOP_ANALYSIS = YES;
				CLANG_WARN_STRICT_PROTOTYPES = YES;
				CLANG_WARN_SUSPICIOUS_MOVE = YES;
				CLANG_WARN_UNGUARDED_AVAILABILITY = YES_AGGRESSIVE;
				CLANG_WARN_UNREACHABLE_CODE = YES;
				CLANG_WARN__DUPLICATE_METHOD_MATCH = YES;
				COPY_PHASE_STRIP = NO;
				DEBUG_INFORMATION_FORMAT = "dwarf-with-dsym";
				ENABLE_NS_ASSERTIONS = NO;
				ENABLE_STRICT_OBJC_MSGSEND = YES;
				GCC_C_LANGUAGE_STANDARD = gnu11;
				GCC_NO_COMMON_BLOCKS = YES;
				GCC_WARN_64_TO_32_BIT_CONVERSION = YES;
				GCC_WARN_ABOUT_RETURN_TYPE = YES_ERROR;
				GCC_WARN_UNDECLARED_SELECTOR = YES;
				GCC_WARN_UNINITIALIZED_AUTOS = YES_AGGRESSIVE;
				GCC_WARN_UNUSED_FUNCTION = YES;
				GCC_WARN_UNUSED_VARIABLE = YES;
				IPHONEOS_DEPLOYMENT_TARGET = 15.4;
				MTL_ENABLE_DEBUG_INFO = NO;
				MTL_FAST_MATH = YES;
				SDKROOT = iphoneos;
				SWIFT_COMPILATION_MODE = wholemodule;
				SWIFT_OPTIMIZATION_LEVEL = "-O";
				VALIDATE_PRODUCT = YES;
			};
			name = Release;
		};
		71D17DC52824763700AE92EC /* Debug */ = {
			isa = XCBuildConfiguration;
			baseConfigurationReference = BAAEA9941F31E3CF27EB321B /* Pods-OnTheDot.debug.xcconfig */;
			buildSettings = {
				ASSETCATALOG_COMPILER_APPICON_NAME = AppIcon;
				ASSETCATALOG_COMPILER_GLOBAL_ACCENT_COLOR_NAME = AccentColor;
				CODE_SIGN_STYLE = Automatic;
				CURRENT_PROJECT_VERSION = 1;
				DEVELOPMENT_TEAM = 9BDYS697A4;
				GENERATE_INFOPLIST_FILE = YES;
				INFOPLIST_FILE = OnTheDot/Info.plist;
				INFOPLIST_KEY_UIApplicationSupportsIndirectInputEvents = YES;
				INFOPLIST_KEY_UILaunchStoryboardName = LaunchScreen;
				INFOPLIST_KEY_UIMainStoryboardFile = LaunchScreen;
				INFOPLIST_KEY_UISupportedInterfaceOrientations_iPad = "UIInterfaceOrientationPortrait UIInterfaceOrientationPortraitUpsideDown UIInterfaceOrientationLandscapeLeft UIInterfaceOrientationLandscapeRight";
				INFOPLIST_KEY_UISupportedInterfaceOrientations_iPhone = "UIInterfaceOrientationPortrait UIInterfaceOrientationLandscapeLeft UIInterfaceOrientationLandscapeRight";
				LD_RUNPATH_SEARCH_PATHS = (
					"$(inherited)",
					"@executable_path/Frameworks",
				);
				MARKETING_VERSION = 1.0;
				PRODUCT_BUNDLE_IDENTIFIER = edu.cornell.kcb82.OnTheDot;
				PRODUCT_NAME = "$(TARGET_NAME)";
				SWIFT_EMIT_LOC_STRINGS = YES;
				SWIFT_VERSION = 5.0;
				TARGETED_DEVICE_FAMILY = "1,2";
			};
			name = Debug;
		};
		71D17DC62824763700AE92EC /* Release */ = {
			isa = XCBuildConfiguration;
			baseConfigurationReference = ECDE0702B7CF9D60A0DFE9E8 /* Pods-OnTheDot.release.xcconfig */;
			buildSettings = {
				ASSETCATALOG_COMPILER_APPICON_NAME = AppIcon;
				ASSETCATALOG_COMPILER_GLOBAL_ACCENT_COLOR_NAME = AccentColor;
				CODE_SIGN_STYLE = Automatic;
				CURRENT_PROJECT_VERSION = 1;
				DEVELOPMENT_TEAM = 9BDYS697A4;
				GENERATE_INFOPLIST_FILE = YES;
				INFOPLIST_FILE = OnTheDot/Info.plist;
				INFOPLIST_KEY_UIApplicationSupportsIndirectInputEvents = YES;
				INFOPLIST_KEY_UILaunchStoryboardName = LaunchScreen;
				INFOPLIST_KEY_UIMainStoryboardFile = LaunchScreen;
				INFOPLIST_KEY_UISupportedInterfaceOrientations_iPad = "UIInterfaceOrientationPortrait UIInterfaceOrientationPortraitUpsideDown UIInterfaceOrientationLandscapeLeft UIInterfaceOrientationLandscapeRight";
				INFOPLIST_KEY_UISupportedInterfaceOrientations_iPhone = "UIInterfaceOrientationPortrait UIInterfaceOrientationLandscapeLeft UIInterfaceOrientationLandscapeRight";
				LD_RUNPATH_SEARCH_PATHS = (
					"$(inherited)",
					"@executable_path/Frameworks",
				);
				MARKETING_VERSION = 1.0;
				PRODUCT_BUNDLE_IDENTIFIER = edu.cornell.kcb82.OnTheDot;
				PRODUCT_NAME = "$(TARGET_NAME)";
				SWIFT_EMIT_LOC_STRINGS = YES;
				SWIFT_VERSION = 5.0;
				TARGETED_DEVICE_FAMILY = "1,2";
			};
			name = Release;
		};
/* End XCBuildConfiguration section */

/* Begin XCConfigurationList section */
		71D17DAB2824763500AE92EC /* Build configuration list for PBXProject "OnTheDot" */ = {
			isa = XCConfigurationList;
			buildConfigurations = (
				71D17DC22824763700AE92EC /* Debug */,
				71D17DC32824763700AE92EC /* Release */,
			);
			defaultConfigurationIsVisible = 0;
			defaultConfigurationName = Release;
		};
		71D17DC42824763700AE92EC /* Build configuration list for PBXNativeTarget "OnTheDot" */ = {
			isa = XCConfigurationList;
			buildConfigurations = (
				71D17DC52824763700AE92EC /* Debug */,
				71D17DC62824763700AE92EC /* Release */,
			);
			defaultConfigurationIsVisible = 0;
			defaultConfigurationName = Release;
		};
/* End XCConfigurationList section */
	};
	rootObject = 71D17DA82824763500AE92EC /* Project object */;
}
